// !$*UTF8*$!
{
	archiveVersion = 1;
	classes = {
	};
	objectVersion = 46;
	objects = {

/* Begin PBXBuildFile section */
		DC8567421EE146E700AAD062 /* AppDelegate.swift in Sources */ = {isa = PBXBuildFile; fileRef = DC8567411EE146E700AAD062 /* AppDelegate.swift */; };
		DC8567441EE146E700AAD062 /* ViewController.swift in Sources */ = {isa = PBXBuildFile; fileRef = DC8567431EE146E700AAD062 /* ViewController.swift */; };
		DC8567471EE146E700AAD062 /* Main.storyboard in Resources */ = {isa = PBXBuildFile; fileRef = DC8567451EE146E700AAD062 /* Main.storyboard */; };
		DC8567491EE146E700AAD062 /* Assets.xcassets in Resources */ = {isa = PBXBuildFile; fileRef = DC8567481EE146E700AAD062 /* Assets.xcassets */; };
		DC85674C1EE146E700AAD062 /* LaunchScreen.storyboard in Resources */ = {isa = PBXBuildFile; fileRef = DC85674A1EE146E700AAD062 /* LaunchScreen.storyboard */; };
/* End PBXBuildFile section */

/* Begin PBXFileReference section */
		DC85673E1EE146E700AAD062 /* sampleButton.app */ = {isa = PBXFileReference; explicitFileType = wrapper.application; includeInIndex = 0; path = sampleButton.app; sourceTree = BUILT_PRODUCTS_DIR; };
		DC8567411EE146E700AAD062 /* AppDelegate.swift */ = {isa = PBXFileReference; lastKnownFileType = sourcecode.swift; path = AppDelegate.swift; sourceTree = "<group>"; };
		DC8567431EE146E700AAD062 /* ViewController.swift */ = {isa = PBXFileReference; lastKnownFileType = sourcecode.swift; path = ViewController.swift; sourceTree = "<group>"; };
		DC8567461EE146E700AAD062 /* Base */ = {isa = PBXFileReference; lastKnownFileType = file.storyboard; name = Base; path = Base.lproj/Main.storyboard; sourceTree = "<group>"; };
		DC8567481EE146E700AAD062 /* Assets.xcassets */ = {isa = PBXFileReference; lastKnownFileType = folder.assetcatalog; path = Assets.xcassets; sourceTree = "<group>"; };
		DC85674B1EE146E700AAD062 /* Base */ = {isa = PBXFileReference; lastKnownFileType = file.storyboard; name = Base; path = Base.lproj/LaunchScreen.storyboard; sourceTree = "<group>"; };
		DC85674D1EE146E700AAD062 /* Info.plist */ = {isa = PBXFileReference; lastKnownFileType = text.plist.xml; path = Info.plist; sourceTree = "<group>"; };
/* End PBXFileReference section */

/* Begin PBXFrameworksBuildPhase section */
		DC85673B1EE146E700AAD062 /* Frameworks */ = {
			isa = PBXFrameworksBuildPhase;
			buildActionMask = 2147483647;
			files = (
			);
			runOnlyForDeploymentPostprocessing = 0;
		};
/* End PBXFrameworksBuildPhase section */

/* Begin PBXGroup section */
		DC8567351EE146E700AAD062 = {
			isa = PBXGroup;
			children = (
				DC8567401EE146E700AAD062 /* sampleButton */,
				DC85673F1EE146E700AAD062 /* Products */,
			);
			sourceTree = "<group>";
		};
		DC85673F1EE146E700AAD062 /* Products */ = {
			isa = PBXGroup;
			children = (
				DC85673E1EE146E700AAD062 /* sampleButton.app */,
			);
			name = Products;
			sourceTree = "<group>";
		};
		DC8567401EE146E700AAD062 /* sampleButton */ = {
			isa = PBXGroup;
			children = (
				DC8567411EE146E700AAD062 /* AppDelegate.swift */,
				DC8567431EE146E700AAD062 /* ViewController.swift */,
				DC8567451EE146E700AAD062 /* Main.storyboard */,
				DC8567481EE146E700AAD062 /* Assets.xcassets */,
				DC85674A1EE146E700AAD062 /* LaunchScreen.storyboard */,
				DC85674D1EE146E700AAD062 /* Info.plist */,
			);
			path = sampleButton;
			sourceTree = "<group>";
		};
/* End PBXGroup section */

/* Begin PBXNativeTarget section */
		DC85673D1EE146E700AAD062 /* sampleButton */ = {
			isa = PBXNativeTarget;
			buildConfigurationList = DC8567501EE146E700AAD062 /* Build configuration list for PBXNativeTarget "sampleButton" */;
			buildPhases = (
				DC85673A1EE146E700AAD062 /* Sources */,
				DC85673B1EE146E700AAD062 /* Frameworks */,
				DC85673C1EE146E700AAD062 /* Resources */,
			);
			buildRules = (
			);
			dependencies = (
			);
			name = sampleButton;
			productName = sampleButton;
			productReference = DC85673E1EE146E700AAD062 /* sampleButton.app */;
			productType = "com.apple.product-type.application";
		};
/* End PBXNativeTarget section */

/* Begin PBXProject section */
		DC8567361EE146E700AAD062 /* Project object */ = {
			isa = PBXProject;
			attributes = {
				LastSwiftUpdateCheck = 0830;
				LastUpgradeCheck = 0830;
				ORGANIZATIONNAME = loverend;
				TargetAttributes = {
					DC85673D1EE146E700AAD062 = {
						CreatedOnToolsVersion = 8.3.2;
						DevelopmentTeam = JZ2AEZ4H8B;
						ProvisioningStyle = Automatic;
					};
				};
			};
			buildConfigurationList = DC8567391EE146E700AAD062 /* Build configuration list for PBXProject "sampleButton" */;
			compatibilityVersion = "Xcode 3.2";
			developmentRegion = English;
			hasScannedForEncodings = 0;
			knownRegions = (
				en,
				Base,
			);
			mainGroup = DC8567351EE146E700AAD062;
			productRefGroup = DC85673F1EE146E700AAD062 /* Products */;
			projectDirPath = "";
			projectRoot = "";
			targets = (
				DC85673D1EE146E700AAD062 /* sampleButton */,
			);
		};
/* End PBXProject section */

/* Begin PBXResourcesBuildPhase section */
		DC85673C1EE146E700AAD062 /* Resources */ = {
			isa = PBXResourcesBuildPhase;
			buildActionMask = 2147483647;
			files = (
				DC85674C1EE146E700AAD062 /* LaunchScreen.storyboard in Resources */,
				DC8567491EE146E700AAD062 /* Assets.xcassets in Resources */,
				DC8567471EE146E700AAD062 /* Main.storyboard in Resources */,
			);
			runOnlyForDeploymentPostprocessing = 0;
		};
/* End PBXResourcesBuildPhase section */

/* Begin PBXSourcesBuildPhase section */
		DC85673A1EE146E700AAD062 /* Sources */ = {
			isa = PBXSourcesBuildPhase;
			buildActionMask = 2147483647;
			files = (
				DC8567441EE146E700AAD062 /* ViewController.swift in Sources */,
				DC8567421EE146E700AAD062 /* AppDelegate.swift in Sources */,
			);
			runOnlyForDeploymentPostprocessing = 0;
		};
/* End PBXSourcesBuildPhase section */

/* Begin PBXVariantGroup section */
		DC8567451EE146E700AAD062 /* Main.storyboard */ = {
			isa = PBXVariantGroup;
			children = (
				DC8567461EE146E700AAD062 /* Base */,
			);
			name = Main.storyboard;
			sourceTree = "<group>";
		};
		DC85674A1EE146E700AAD062 /* LaunchScreen.storyboard */ = {
			isa = PBXVariantGroup;
			children = (
				DC85674B1EE146E700AAD062 /* Base */,
			);
			name = LaunchScreen.storyboard;
			sourceTree = "<group>";
		};
/* End PBXVariantGroup section */

/* Begin XCBuildConfiguration section */
		DC85674E1EE146E700AAD062 /* Debug */ = {
			isa = XCBuildConfiguration;
			buildSettings = {
				ALWAYS_SEARCH_USER_PATHS = NO;
				CLANG_ANALYZER_NONNULL = YES;
				CLANG_ANALYZER_NUMBER_OBJECT_CONVERSION = YES_AGGRESSIVE;
				CLANG_CXX_LANGUAGE_STANDARD = "gnu++0x";
				CLANG_CXX_LIBRARY = "libc++";
				CLANG_ENABLE_MODULES = YES;
				CLANG_ENABLE_OBJC_ARC = YES;
				CLANG_WARN_BOOL_CONVERSION = YES;
				CLANG_WARN_CONSTANT_CONVERSION = YES;
				CLANG_WARN_DIRECT_OBJC_ISA_USAGE = YES_ERROR;
				CLANG_WARN_DOCUMENTATION_COMMENTS = YES;
				CLANG_WARN_EMPTY_BODY = YES;
				CLANG_WARN_ENUM_CONVERSION = YES;
				CLANG_WARN_INFINITE_RECURSION = YES;
				CLANG_WARN_INT_CONVERSION = YES;
				CLANG_WARN_OBJC_ROOT_CLASS = YES_ERROR;
				CLANG_WARN_SUSPICIOUS_MOVE = YES;
				CLANG_WARN_UNREACHABLE_CODE = YES;
				CLANG_WARN__DUPLICATE_METHOD_MATCH = YES;
				"CODE_SIGN_IDENTITY[sdk=iphoneos*]" = "iPhone Developer";
				COPY_PHASE_STRIP = NO;
				DEBUG_INFORMATION_FORMAT = dwarf;
				ENABLE_STRICT_OBJC_MSGSEND = YES;
				ENABLE_TESTABILITY = YES;
				GCC_C_LANGUAGE_STANDARD = gnu99;
				GCC_DYNAMIC_NO_PIC = NO;
				GCC_NO_COMMON_BLOCKS = YES;
				GCC_OPTIMIZATION_LEVEL = 0;
				GCC_PREPROCESSOR_DEFINITIONS = (
					"DEBUG=1",
					"$(inherited)",
				);
				GCC_WARN_64_TO_32_BIT_CONVERSION = YES;
				GCC_WARN_ABOUT_RETURN_TYPE = YES_ERROR;
				GCC_WARN_UNDECLARED_SELECTOR = YES;
				GCC_WARN_UNINITIALIZED_AUTOS = YES_AGGRESSIVE;
				GCC_WARN_UNUSED_FUNCTION = YES;
				GCC_WARN_UNUSED_VARIABLE = YES;
				IPHONEOS_DEPLOYMENT_TARGET = 10.3;
				MTL_ENABLE_DEBUG_INFO = YES;
				ONLY_ACTIVE_ARCH = YES;
				SDKROOT = iphoneos;
				SWIFT_ACTIVE_COMPILATION_CONDITIONS = DEBUG;
				SWIFT_OPTIMIZATION_LEVEL = "-Onone";
			};
			name = Debug;
		};
		DC85674F1EE146E700AAD062 /* Release */ = {
			isa = XCBuildConfiguration;
			buildSettings = {
				ALWAYS_SEARCH_USER_PATHS = NO;
				CLANG_ANALYZER_NONNULL = YES;
				CLANG_ANALYZER_NUMBER_OBJECT_CONVERSION = YES_AGGRESSIVE;
				CLANG_CXX_LANGUAGE_STANDARD = "gnu++0x";
				CLANG_CXX_LIBRARY = "libc++";
				CLANG_ENABLE_MODULES = YES;
				CLANG_ENABLE_OBJC_ARC = YES;
				CLANG_WARN_BOOL_CONVERSION = YES;
				CLANG_WARN_CONSTANT_CONVERSION = YES;
				CLANG_WARN_DIRECT_OBJC_ISA_USAGE = YES_ERROR;
				CLANG_WARN_DOCUMENTATION_COMMENTS = YES;
				CLANG_WARN_EMPTY_BODY = YES;
				CLANG_WARN_ENUM_CONVERSION = YES;
				CLANG_WARN_INFINITE_RECURSION = YES;
				CLANG_WARN_INT_CONVERSION = YES;
				CLANG_WARN_OBJC_ROOT_CLASS = YES_ERROR;
				CLANG_WARN_SUSPICIOUS_MOVE = YES;
				CLANG_WARN_UNREACHABLE_CODE = YES;
				CLANG_WARN__DUPLICATE_METHOD_MATCH = YES;
				"CODE_SIGN_IDENTITY[sdk=iphoneos*]" = "iPhone Developer";
				COPY_PHASE_STRIP = NO;
				DEBUG_INFORMATION_FORMAT = "dwarf-with-dsym";
				ENABLE_NS_ASSERTIONS = NO;
				ENABLE_STRICT_OBJC_MSGSEND = YES;
				GCC_C_LANGUAGE_STANDARD = gnu99;
				GCC_NO_COMMON_BLOCKS = YES;
				GCC_WARN_64_TO_32_BIT_CONVERSION = YES;
				GCC_WARN_ABOUT_RETURN_TYPE = YES_ERROR;
				GCC_WARN_UNDECLARED_SELECTOR = YES;
				GCC_WARN_UNINITIALIZED_AUTOS = YES_AGGRESSIVE;
				GCC_WARN_UNUSED_FUNCTION = YES;
				GCC_WARN_UNUSED_VARIABLE = YES;
				IPHONEOS_DEPLOYMENT_TARGET = 10.3;
				MTL_ENABLE_DEBUG_INFO = NO;
				SDKROOT = iphoneos;
				SWIFT_OPTIMIZATION_LEVEL = "-Owholemodule";
				VALIDATE_PRODUCT = YES;
			};
			name = Release;
		};
		DC8567511EE146E700AAD062 /* Debug */ = {
			isa = XCBuildConfiguration;
			buildSettings = {
				ASSETCATALOG_COMPILER_APPICON_NAME = AppIcon;
				DEVELOPMENT_TEAM = JZ2AEZ4H8B;
				INFOPLIST_FILE = sampleButton/Info.plist;
				LD_RUNPATH_SEARCH_PATHS = "$(inherited) @executable_path/Frameworks";
				PRODUCT_BUNDLE_IDENTIFIER = loverend.sampleButton;
				PRODUCT_NAME = "$(TARGET_NAME)";
				SWIFT_VERSION = 3.0;
			};
			name = Debug;
		};
		DC8567521EE146E700AAD062 /* Release */ = {
			isa = XCBuildConfiguration;
			buildSettings = {
				ASSETCATALOG_COMPILER_APPICON_NAME = AppIcon;
				DEVELOPMENT_TEAM = JZ2AEZ4H8B;
				INFOPLIST_FILE = sampleButton/Info.plist;
				LD_RUNPATH_SEARCH_PATHS = "$(inherited) @executable_path/Frameworks";
				PRODUCT_BUNDLE_IDENTIFIER = loverend.sampleButton;
				PRODUCT_NAME = "$(TARGET_NAME)";
				SWIFT_VERSION = 3.0;
			};
			name = Release;
		};
/* End XCBuildConfiguration section */

/* Begin XCConfigurationList section */
		DC8567391EE146E700AAD062 /* Build configuration list for PBXProject "sampleButton" */ = {
			isa = XCConfigurationList;
			buildConfigurations = (
				DC85674E1EE146E700AAD062 /* Debug */,
				DC85674F1EE146E700AAD062 /* Release */,
			);
			defaultConfigurationIsVisible = 0;
			defaultConfigurationName = Release;
		};
		DC8567501EE146E700AAD062 /* Build configuration list for PBXNativeTarget "sampleButton" */ = {
			isa = XCConfigurationList;
			buildConfigurations = (
				DC8567511EE146E700AAD062 /* Debug */,
				DC8567521EE146E700AAD062 /* Release */,
			);
			defaultConfigurationIsVisible = 0;
		};
/* End XCConfigurationList section */
	};
	rootObject = DC8567361EE146E700AAD062 /* Project object */;
}
